// !$*UTF8*$!
{
	archiveVersion = 1;
	classes = {};
	objectVersion = 60;
	objects = {
		DE49F145FDA9988C79FC3552 = { isa = PBXFileReference; lastKnownFileType = sourcecode.swift; path = LinguaFlowApp.swift; sourceTree = "<group>"; };
		6F7EAED46725A2A7B860DCD6 = { isa = PBXBuildFile; fileRef = DE49F145FDA9988C79FC3552; };
		C8A1F8B46287CCED9041DFF0 = { isa = PBXFileReference; lastKnownFileType = sourcecode.swift; path = AppModels.swift; sourceTree = "<group>"; };
		2CEE737443E210471948D332 = { isa = PBXBuildFile; fileRef = C8A1F8B46287CCED9041DFF0; };
		96C87009E8A7F770D9106FD2 = { isa = PBXFileReference; lastKnownFileType = sourcecode.swift; path = Scheduler.swift; sourceTree = "<group>"; };
		87DB7F1ADBC60926F6967E78 = { isa = PBXBuildFile; fileRef = 96C87009E8A7F770D9106FD2; };
		93F57FD14C1604D115CEA325 = { isa = PBXFileReference; lastKnownFileType = sourcecode.swift; path = VocabularyData.swift; sourceTree = "<group>"; };
		A65E19CBAE530282BD36CB9D = { isa = PBXBuildFile; fileRef = 93F57FD14C1604D115CEA325; };
		21F6BE6ABF0D7C1C1E21862A = { isa = PBXFileReference; lastKnownFileType = sourcecode.swift; path = AppStore.swift; sourceTree = "<group>"; };
		B8A18A8902073FEC8DF4F509 = { isa = PBXBuildFile; fileRef = 21F6BE6ABF0D7C1C1E21862A; };
		47AAEB26C57D21FA5D328263 = { isa = PBXFileReference; lastKnownFileType = sourcecode.swift; path = Views.swift; sourceTree = "<group>"; };
		DFE574DE739988B886E75774 = { isa = PBXBuildFile; fileRef = 47AAEB26C57D21FA5D328263; };
		96A2C8773E130F7EB1973166 = { isa = PBXFileReference; lastKnownFileType = sourcecode.swift; path = LinguaFlowTests.swift; sourceTree = "<group>"; };
		2B5E803B61BA4168160ADB59 = { isa = PBXBuildFile; fileRef = 96A2C8773E130F7EB1973166; };
		261FF2D3C425C8D99D19BDD0 = { isa = PBXFileReference; lastKnownFileType = sourcecode.swift; path = LinguaFlowUITests.swift; sourceTree = "<group>"; };
		B6CC60D5D32CBE54014C2B54 = { isa = PBXBuildFile; fileRef = 261FF2D3C425C8D99D19BDD0; };
		6F5DA2CEC255404E4FB44003 = { isa = PBXFileReference; explicitFileType = wrapper.application; includeInIndex = 0; path = LinguaFlow.app; sourceTree = BUILT_PRODUCTS_DIR; };
		4D6608697A8D41BED440E504 = { isa = PBXFileReference; explicitFileType = wrapper.cfbundle; includeInIndex = 0; path = LinguaFlowTests.xctest; sourceTree = BUILT_PRODUCTS_DIR; };
		54F31AF3176813E02EA68EF7 = { isa = PBXFileReference; explicitFileType = wrapper.cfbundle; includeInIndex = 0; path = LinguaFlowUITests.xctest; sourceTree = BUILT_PRODUCTS_DIR; };
		729FAE923D5A4FD12AABFE22 = { isa = PBXGroup; children = (
				DE49F145FDA9988C79FC3552,
				C8A1F8B46287CCED9041DFF0,
				96C87009E8A7F770D9106FD2,
				93F57FD14C1604D115CEA325,
				21F6BE6ABF0D7C1C1E21862A,
				47AAEB26C57D21FA5D328263,
			); path = LinguaFlow; sourceTree = "<group>"; };
		8F219E9CB0EB53F16947CCF2 = { isa = PBXGroup; children = (
				96A2C8773E130F7EB1973166,
			); path = LinguaFlowTests; sourceTree = "<group>"; };
		5EC84D8DBC74254770F58904 = { isa = PBXGroup; children = (
				261FF2D3C425C8D99D19BDD0,
			); path = LinguaFlowUITests; sourceTree = "<group>"; };
		DBA41ECCCC3FC1626E53A130 = { isa = PBXGroup; children = (
				6F5DA2CEC255404E4FB44003,
				4D6608697A8D41BED440E504,
				54F31AF3176813E02EA68EF7,
			); name = Products; sourceTree = "<group>"; };
		149D439536B3216FDAEEB975 = { isa = PBXGroup; children = (
				729FAE923D5A4FD12AABFE22,
				8F219E9CB0EB53F16947CCF2,
				5EC84D8DBC74254770F58904,
				DBA41ECCCC3FC1626E53A130,
			); sourceTree = "<group>"; };
		86E4D3CEA27D26934B484E73 = { isa = PBXSourcesBuildPhase; buildActionMask = 2147483647; files = (
				6F7EAED46725A2A7B860DCD6,
				2CEE737443E210471948D332,
				87DB7F1ADBC60926F6967E78,
				A65E19CBAE530282BD36CB9D,
				B8A18A8902073FEC8DF4F509,
				DFE574DE739988B886E75774,
			); runOnlyForDeploymentPostprocessing = 0; };
		CF575DCAD6BA2B0AEE0CA923 = { isa = PBXSourcesBuildPhase; buildActionMask = 2147483647; files = (
				2B5E803B61BA4168160ADB59,
			); runOnlyForDeploymentPostprocessing = 0; };
		732881584D8C4FA2815D2802 = { isa = PBXSourcesBuildPhase; buildActionMask = 2147483647; files = (
				B6CC60D5D32CBE54014C2B54,
			); runOnlyForDeploymentPostprocessing = 0; };
		827283E0AD84173581569969 = { isa = PBXResourcesBuildPhase; buildActionMask = 2147483647; files = (); runOnlyForDeploymentPostprocessing = 0; };
		E58B081006F7E3DFC967A64C = { isa = PBXResourcesBuildPhase; buildActionMask = 2147483647; files = (); runOnlyForDeploymentPostprocessing = 0; };
		B14028D512C9791E558E08BA = { isa = PBXResourcesBuildPhase; buildActionMask = 2147483647; files = (); runOnlyForDeploymentPostprocessing = 0; };
		A7196B50AC2F86702824C1C0 = { isa = PBXFrameworksBuildPhase; buildActionMask = 2147483647; files = (); runOnlyForDeploymentPostprocessing = 0; };
		99724CAF4941D4072014B3CE = { isa = PBXFrameworksBuildPhase; buildActionMask = 2147483647; files = (); runOnlyForDeploymentPostprocessing = 0; };
		107F80E222F828767EFC2F91 = { isa = PBXFrameworksBuildPhase; buildActionMask = 2147483647; files = (); runOnlyForDeploymentPostprocessing = 0; };
		500FE7EE5FC324BDB2E1142A = { isa = PBXContainerItemProxy; containerPortal = A4C123B1612DD272D1371C17; proxyType = 1; remoteGlobalIDString = 43B026C48BBF33FEFF9243A8; remoteInfo = LinguaFlow; };
		21C402364F9572B85A8E48F6 = { isa = PBXContainerItemProxy; containerPortal = A4C123B1612DD272D1371C17; proxyType = 1; remoteGlobalIDString = 43B026C48BBF33FEFF9243A8; remoteInfo = LinguaFlow; };
		B95523CF6941FA1C257C6F56 = { isa = PBXTargetDependency; target = 43B026C48BBF33FEFF9243A8; targetProxy = 500FE7EE5FC324BDB2E1142A; };
		1C5CB347611A3CE9D97DCBEE = { isa = PBXTargetDependency; target = 43B026C48BBF33FEFF9243A8; targetProxy = 21C402364F9572B85A8E48F6; };
		43B026C48BBF33FEFF9243A8 = { isa = PBXNativeTarget; buildConfigurationList = F09E2E8C662248B483B7FFC0; buildPhases = (86E4D3CEA27D26934B484E73, A7196B50AC2F86702824C1C0, 827283E0AD84173581569969); buildRules = (); dependencies = (); name = LinguaFlow; productName = LinguaFlow; productReference = 6F5DA2CEC255404E4FB44003; productType = "com.apple.product-type.application"; };
		F506B40928B5B7A767C76FB0 = { isa = PBXNativeTarget; buildConfigurationList = 50FEC94DBCA3A0AAC36098B2; buildPhases = (CF575DCAD6BA2B0AEE0CA923, 99724CAF4941D4072014B3CE, E58B081006F7E3DFC967A64C); buildRules = (); dependencies = (B95523CF6941FA1C257C6F56); name = LinguaFlowTests; productName = LinguaFlowTests; productReference = 4D6608697A8D41BED440E504; productType = "com.apple.product-type.bundle.unit-test"; };
		08F86BEBB2737F6A6F0FB23C = { isa = PBXNativeTarget; buildConfigurationList = CC2BD818319478DA6BD0C621; buildPhases = (732881584D8C4FA2815D2802, 107F80E222F828767EFC2F91, B14028D512C9791E558E08BA); buildRules = (); dependencies = (1C5CB347611A3CE9D97DCBEE); name = LinguaFlowUITests; productName = LinguaFlowUITests; productReference = 54F31AF3176813E02EA68EF7; productType = "com.apple.product-type.bundle.ui-testing"; };
		87AB165C58AC5831BE38CB8C = { isa = XCBuildConfiguration; buildSettings = {
				ALWAYS_SEARCH_USER_PATHS = NO;
				CLANG_ANALYZER_NONNULL = YES;
				CLANG_ENABLE_MODULES = YES;
				CLANG_ENABLE_OBJC_ARC = YES;
				COPY_PHASE_STRIP = NO;
				DEBUG_INFORMATION_FORMAT = dwarf;
				ENABLE_STRICT_OBJC_MSGSEND = YES;
				GCC_C_LANGUAGE_STANDARD = gnu17;
				GCC_DYNAMIC_NO_PIC = NO;
				GCC_OPTIMIZATION_LEVEL = 0;
				GCC_PREPROCESSOR_DEFINITIONS = ("DEBUG=1", "$(inherited)");
				IPHONEOS_DEPLOYMENT_TARGET = 17.0;
				ONLY_ACTIVE_ARCH = YES;
				SDKROOT = iphoneos;
				SWIFT_ACTIVE_COMPILATION_CONDITIONS = DEBUG;
				SWIFT_OPTIMIZATION_LEVEL = "-Onone";
			}; name = Debug; };
		B4BA2E751989A01749DDB14F = { isa = XCBuildConfiguration; buildSettings = {
				ALWAYS_SEARCH_USER_PATHS = NO;
				CLANG_ANALYZER_NONNULL = YES;
				CLANG_ENABLE_MODULES = YES;
				CLANG_ENABLE_OBJC_ARC = YES;
				COPY_PHASE_STRIP = YES;
				DEBUG_INFORMATION_FORMAT = "dwarf-with-dsym";
				ENABLE_STRICT_OBJC_MSGSEND = YES;
				GCC_C_LANGUAGE_STANDARD = gnu17;
				GCC_DYNAMIC_NO_PIC = NO;
				GCC_OPTIMIZATION_LEVEL = s;
				GCC_PREPROCESSOR_DEFINITIONS = ("DEBUG=1", "$(inherited)");
				IPHONEOS_DEPLOYMENT_TARGET = 17.0;
				ONLY_ACTIVE_ARCH = NO;
				SDKROOT = iphoneos;
				SWIFT_OPTIMIZATION_LEVEL = "-O";
			}; name = Release; };
		71010B93B7D946BF54074E32 = { isa = XCBuildConfiguration; buildSettings = {
				ASSETCATALOG_COMPILER_APPICON_NAME = AppIcon;
				CODE_SIGN_STYLE = Automatic;
				CURRENT_PROJECT_VERSION = 1;
				ENABLE_TESTABILITY = YES;
				GENERATE_INFOPLIST_FILE = YES;
				INFOPLIST_KEY_CFBundleDisplayName = LinguaFlow;
				INFOPLIST_KEY_UILaunchScreen_Generation = YES;
				INFOPLIST_KEY_UIApplicationSceneManifest_Generation = YES;
				MARKETING_VERSION = 1.0;
				PRODUCT_BUNDLE_IDENTIFIER = com.lukaskoprolin.LinguaFlow;
				PRODUCT_NAME = "$(TARGET_NAME)";
				SUPPORTED_PLATFORMS = "iphoneos iphonesimulator";
				SUPPORTS_MACCATALYST = NO;
				SWIFT_EMIT_LOC_STRINGS = YES;
				SWIFT_VERSION = 5.0;
				TARGETED_DEVICE_FAMILY = "1,2";
			}; name = Debug; };
		48C801BEF750110C57513064 = { isa = XCBuildConfiguration; buildSettings = {
				ASSETCATALOG_COMPILER_APPICON_NAME = AppIcon;
				CODE_SIGN_STYLE = Automatic;
				CURRENT_PROJECT_VERSION = 1;
				GENERATE_INFOPLIST_FILE = YES;
				INFOPLIST_KEY_CFBundleDisplayName = LinguaFlow;
				INFOPLIST_KEY_UILaunchScreen_Generation = YES;
				INFOPLIST_KEY_UIApplicationSceneManifest_Generation = YES;
				MARKETING_VERSION = 1.0;
				PRODUCT_BUNDLE_IDENTIFIER = com.lukaskoprolin.LinguaFlow;
				PRODUCT_NAME = "$(TARGET_NAME)";
				SUPPORTED_PLATFORMS = "iphoneos iphonesimulator";
				SUPPORTS_MACCATALYST = NO;
				SWIFT_EMIT_LOC_STRINGS = YES;
				SWIFT_VERSION = 5.0;
				TARGETED_DEVICE_FAMILY = "1,2";
			}; name = Release; };
		D6D59291F0CDE2E5738713A8 = { isa = XCBuildConfiguration; buildSettings = {
				BUNDLE_LOADER = "$(TEST_HOST)";
				CODE_SIGN_STYLE = Automatic;
				GENERATE_INFOPLIST_FILE = YES;
				IPHONEOS_DEPLOYMENT_TARGET = 17.0;
				PRODUCT_BUNDLE_IDENTIFIER = com.lukaskoprolin.LinguaFlowTests;
				PRODUCT_NAME = "$(TARGET_NAME)";
				SWIFT_VERSION = 5.0;
				TEST_HOST = "$(BUILT_PRODUCTS_DIR)/LinguaFlow.app/$(BUNDLE_EXECUTABLE_FOLDER_PATH)/LinguaFlow";
			}; name = Debug; };
		18D8962058765A6CA7CFF00D = { isa = XCBuildConfiguration; buildSettings = {
				BUNDLE_LOADER = "$(TEST_HOST)";
				CODE_SIGN_STYLE = Automatic;
				GENERATE_INFOPLIST_FILE = YES;
				IPHONEOS_DEPLOYMENT_TARGET = 17.0;
				PRODUCT_BUNDLE_IDENTIFIER = com.lukaskoprolin.LinguaFlowTests;
				PRODUCT_NAME = "$(TARGET_NAME)";
				SWIFT_VERSION = 5.0;
				TEST_HOST = "$(BUILT_PRODUCTS_DIR)/LinguaFlow.app/$(BUNDLE_EXECUTABLE_FOLDER_PATH)/LinguaFlow";
			}; name = Release; };
		796C25410335B400141212B6 = { isa = XCBuildConfiguration; buildSettings = {
				CODE_SIGN_STYLE = Automatic;
				GENERATE_INFOPLIST_FILE = YES;
				IPHONEOS_DEPLOYMENT_TARGET = 17.0;
				PRODUCT_BUNDLE_IDENTIFIER = com.lukaskoprolin.LinguaFlowUITests;
				PRODUCT_NAME = "$(TARGET_NAME)";
				SWIFT_VERSION = 5.0;
				TEST_TARGET_NAME = LinguaFlow;
			}; name = Debug; };
		2C376631129F34369AAD80B8 = { isa = XCBuildConfiguration; buildSettings = {
				CODE_SIGN_STYLE = Automatic;
				GENERATE_INFOPLIST_FILE = YES;
				IPHONEOS_DEPLOYMENT_TARGET = 17.0;
				PRODUCT_BUNDLE_IDENTIFIER = com.lukaskoprolin.LinguaFlowUITests;
				PRODUCT_NAME = "$(TARGET_NAME)";
				SWIFT_VERSION = 5.0;
				TEST_TARGET_NAME = LinguaFlow;
			}; name = Release; };
		624A8940F1F836F99EEE3692 = { isa = XCConfigurationList; buildConfigurations = (
				87AB165C58AC5831BE38CB8C,
				B4BA2E751989A01749DDB14F,
			); defaultConfigurationIsVisible = 0; defaultConfigurationName = Release; };
		F09E2E8C662248B483B7FFC0 = { isa = XCConfigurationList; buildConfigurations = (
				71010B93B7D946BF54074E32,
				48C801BEF750110C57513064,
			); defaultConfigurationIsVisible = 0; defaultConfigurationName = Release; };
		50FEC94DBCA3A0AAC36098B2 = { isa = XCConfigurationList; buildConfigurations = (
				D6D59291F0CDE2E5738713A8,
				18D8962058765A6CA7CFF00D,
			); defaultConfigurationIsVisible = 0; defaultConfigurationName = Release; };
		CC2BD818319478DA6BD0C621 = { isa = XCConfigurationList; buildConfigurations = (
				796C25410335B400141212B6,
				2C376631129F34369AAD80B8,
			); defaultConfigurationIsVisible = 0; defaultConfigurationName = Release; };
		A4C123B1612DD272D1371C17 = { isa = PBXProject; attributes = { BuildIndependentTargetsInParallel = 1; LastSwiftUpdateCheck = 1600; LastUpgradeCheck = 1600; TargetAttributes = { 43B026C48BBF33FEFF9243A8 = { CreatedOnToolsVersion = 16.0; }; F506B40928B5B7A767C76FB0 = { CreatedOnToolsVersion = 16.0; TestTargetID = 43B026C48BBF33FEFF9243A8; }; 08F86BEBB2737F6A6F0FB23C = { CreatedOnToolsVersion = 16.0; TestTargetID = 43B026C48BBF33FEFF9243A8; }; }; }; buildConfigurationList = 624A8940F1F836F99EEE3692; compatibilityVersion = "Xcode 15.0"; developmentRegion = en; hasScannedForEncodings = 0; knownRegions = (en, Base); mainGroup = 149D439536B3216FDAEEB975; productRefGroup = DBA41ECCCC3FC1626E53A130; projectDirPath = ""; projectRoot = ""; targets = (43B026C48BBF33FEFF9243A8, F506B40928B5B7A767C76FB0, 08F86BEBB2737F6A6F0FB23C); };
	};
	rootObject = A4C123B1612DD272D1371C17;
}
